{
  "name": "yiwenchuancheng",
  "version": "1.0.0",
  "lockfileVersion": 1,
  "requires": true,
  "dependencies": {
    "@lspriv/wx-calendar": {
      "version": "1.7.2",
      "resolved": "https://registry.npmmirror.com/@lspriv/wx-calendar/-/wx-calendar-1.7.2.tgz",
      "integrity": "sha512-6xYVJzF00wJXD47zNgH7YuyBCsrfoBGenuIgYfNdYMIos2P+fb47b0ZDs9Ghjwhqb2mPXP7CCjj4OmsBajyeoQ=="
    },
    "chinese-lunar-calendar": {
      "version": "1.0.1",
      "resolved": "https://registry.npmmirror.com/chinese-lunar-calendar/-/chinese-lunar-calendar-1.0.1.tgz",
      "integrity": "sha512-T5XjtA6ygOkxjwltYf8dEB1DLsPKewDKajf74fNeT6rH2g9EZPf2AHk6vAlK/SAImTYKXoUNQ3Q4JwN0BduqRA=="
    },
    "chinese-workday": {
      "version": "1.10.0",
      "resolved": "https://registry.npmmirror.com/chinese-workday/-/chinese-workday-1.10.0.tgz",
      "integrity": "sha512-wHar+6Qd/lPDHYHdnCrb1ZJvj8Kjyy3lPrjQEqtlWqw9TRlRLTWnPUi/esB5OJFbEedYGJEP5o5zrrp4wLBCVA=="
    },
    "dayjs": {
      "version": "1.11.13",
      "resolved": "https://registry.npmmirror.com/dayjs/-/dayjs-1.11.13.tgz",
      "integrity": "sha512-oaMBel6gjolK862uaPQOVTA7q3TZhuSvuMQAAglQDOWYO9A91IrAOUJEyKVlqJlHE0vq5p5UXxzdPfMH/x6xNg=="
    },
    "tdesign-miniprogram": {
      "version": "1.8.0",
      "resolved": "https://registry.npmmirror.com/tdesign-miniprogram/-/tdesign-miniprogram-1.8.0.tgz",
      "integrity": "sha512-/ecDMkcrA6J1ocJ30N4AAxdPTbRz2gpigW1NEHu1TwTXHx0STG0FOpgJGoU1WYCyJRPv72kgYfF9VgZjZqxJMg==",
      "requires": {
        "dayjs": "^1.10.7",
        "tinycolor2": "^1.4.2"
      }
    },
    "tinycolor2": {
      "version": "1.6.0",
      "resolved": "https://registry.npmmirror.com/tinycolor2/-/tinycolor2-1.6.0.tgz",
      "integrity": "sha512-XPaBkWQJdsf3pLKJV9p4qN/S+fm2Oj8AIPo1BTUhg5oxkvm9+SVEGFdhyOz7tTdUTfvxMiAs4sp6/eZO2Ew+pw=="
    }
  }
}
